
Microsoft Visual Studio Solution File, Format Version 12.00
# Visual Studio 15
VisualStudioVersion = 15.0.28010.2050
MinimumVisualStudioVersion = 10.0.40219.1
Project("{FAE04EC0-301F-11D3-BF4B-00C04F79EFBC}") = "DataIntegrationConsoleService", "DataIntegrationConsoleService\DataIntegrationConsoleService.csproj", "{CDABA535-1E2D-40FC-987E-AD78FA902785}"
EndProject
Project("{FAE04EC0-301F-11D3-BF4B-00C04F79EFBC}") = "DataIntegrationService", "DataIntegrationService\DataIntegrationService.csproj", "{01F73FD5-0B12-4554-832C-286712CBAB8D}"
EndProject
Project("{FAE04EC0-301F-11D3-BF4B-00C04F79EFBC}") = "Common", "Common\Common.csproj", "{BD86539D-B1DC-4C82-8606-6CAC641A12EE}"
EndProject
Project("{2150E333-8FDC-42A3-9474-1A3956D46DE8}") = "Modules", "Modules", "{6A288725-4763-49ED-9479-D3AC654B1BA9}"
EndProject
Project("{2150E333-8FDC-42A3-9474-1A3956D46DE8}") = "Utils", "Utils", "{7C47F7B8-B6E5-447D-BE52-7E1D8E9597B4}"
EndProject
Project("{FAE04EC0-301F-11D3-BF4B-00C04F79EFBC}") = "DataConverter", "DataConverter\DataConverter.csproj", "{5F191972-30B4-4622-9F53-E426DE2FD0FC}"
EndProject
Project("{FAE04EC0-301F-11D3-BF4B-00C04F79EFBC}") = "Log", "Log\Log.csproj", "{99FFB3BA-E485-4F3C-8118-715E2228346D}"
EndProject
Project("{FAE04EC0-301F-11D3-BF4B-00C04F79EFBC}") = "Connector", "Connector\Connector.csproj", "{3635F0D0-3BD7-4CA9-BC70-C15B945611DD}"
EndProject
Project("{FAE04EC0-301F-11D3-BF4B-00C04F79EFBC}") = "ModuleInterface", "ModuleInterface\ModuleInterface.csproj", "{C029B70F-A0B8-459B-95BF-627826A0C984}"
EndProject
Project("{2150E333-8FDC-42A3-9474-1A3956D46DE8}") = "CollectionModule", "CollectionModule", "{16021A37-AA97-4B4E-9A0B-6F58B4F4B171}"
EndProject
Project("{FAE04EC0-301F-11D3-BF4B-00C04F79EFBC}") = "ModuleManager", "ModuleManager\ModuleManager.csproj", "{235894F0-E407-4FE3-9C46-52C8697121B3}"
EndProject
Project("{2150E333-8FDC-42A3-9474-1A3956D46DE8}") = "Model", "Model", "{4D53CDA0-7EA3-45E4-8D7C-1E4F4ACAEB02}"
EndProject
Project("{FAE04EC0-301F-11D3-BF4B-00C04F79EFBC}") = "Models", "Model\Models.csproj", "{1C38A2BA-2449-4B5A-8B98-5729CDB9B10F}"
EndProject
Project("{FAE04EC0-301F-11D3-BF4B-00C04F79EFBC}") = "Finance", "Modules\NaverFinance\Finance.csproj", "{139B591E-4FDA-4E0F-83EF-CC217A776753}"
EndProject
Project("{FAE04EC0-301F-11D3-BF4B-00C04F79EFBC}") = "DIWebSocket", "WebSocket\DIWebSocket.csproj", "{14E86247-86DA-4467-8F37-358B0F6AB6D7}"
EndProject
Project("{FAE04EC0-301F-11D3-BF4B-00C04F79EFBC}") = "DataIntegrationServiceLogic", "DataIntegrationServiceLogic\DataIntegrationServiceLogic.csproj", "{9570FF02-84B9-4D1E-B47B-B20BEAFE2EA1}"
EndProject
Global
	GlobalSection(SolutionConfigurationPlatforms) = preSolution
		Debug|Any CPU = Debug|Any CPU
		Release|Any CPU = Release|Any CPU
	EndGlobalSection
	GlobalSection(ProjectConfigurationPlatforms) = postSolution
		{CDABA535-1E2D-40FC-987E-AD78FA902785}.Debug|Any CPU.ActiveCfg = Debug|Any CPU
		{CDABA535-1E2D-40FC-987E-AD78FA902785}.Debug|Any CPU.Build.0 = Debug|Any CPU
		{CDABA535-1E2D-40FC-987E-AD78FA902785}.Release|Any CPU.ActiveCfg = Release|Any CPU
		{CDABA535-1E2D-40FC-987E-AD78FA902785}.Release|Any CPU.Build.0 = Release|Any CPU
		{01F73FD5-0B12-4554-832C-286712CBAB8D}.Debug|Any CPU.ActiveCfg = Debug|Any CPU
		{01F73FD5-0B12-4554-832C-286712CBAB8D}.Debug|Any CPU.Build.0 = Debug|Any CPU
		{01F73FD5-0B12-4554-832C-286712CBAB8D}.Release|Any CPU.ActiveCfg = Release|Any CPU
		{01F73FD5-0B12-4554-832C-286712CBAB8D}.Release|Any CPU.Build.0 = Release|Any CPU
		{BD86539D-B1DC-4C82-8606-6CAC641A12EE}.Debug|Any CPU.ActiveCfg = Debug|Any CPU
		{BD86539D-B1DC-4C82-8606-6CAC641A12EE}.Debug|Any CPU.Build.0 = Debug|Any CPU
		{BD86539D-B1DC-4C82-8606-6CAC641A12EE}.Release|Any CPU.ActiveCfg = Release|Any CPU
		{BD86539D-B1DC-4C82-8606-6CAC641A12EE}.Release|Any CPU.Build.0 = Release|Any CPU
		{5F191972-30B4-4622-9F53-E426DE2FD0FC}.Debug|Any CPU.ActiveCfg = Debug|Any CPU
		{5F191972-30B4-4622-9F53-E426DE2FD0FC}.Debug|Any CPU.Build.0 = Debug|Any CPU
		{5F191972-30B4-4622-9F53-E426DE2FD0FC}.Release|Any CPU.ActiveCfg = Release|Any CPU
		{5F191972-30B4-4622-9F53-E426DE2FD0FC}.Release|Any CPU.Build.0 = Release|Any CPU
		{99FFB3BA-E485-4F3C-8118-715E2228346D}.Debug|Any CPU.ActiveCfg = Debug|Any CPU
		{99FFB3BA-E485-4F3C-8118-715E2228346D}.Debug|Any CPU.Build.0 = Debug|Any CPU
		{99FFB3BA-E485-4F3C-8118-715E2228346D}.Release|Any CPU.ActiveCfg = Release|Any CPU
		{99FFB3BA-E485-4F3C-8118-715E2228346D}.Release|Any CPU.Build.0 = Release|Any CPU
		{3635F0D0-3BD7-4CA9-BC70-C15B945611DD}.Debug|Any CPU.ActiveCfg = Debug|Any CPU
		{3635F0D0-3BD7-4CA9-BC70-C15B945611DD}.Debug|Any CPU.Build.0 = Debug|Any CPU
		{3635F0D0-3BD7-4CA9-BC70-C15B945611DD}.Release|Any CPU.ActiveCfg = Release|Any CPU
		{3635F0D0-3BD7-4CA9-BC70-C15B945611DD}.Release|Any CPU.Build.0 = Release|Any CPU
		{C029B70F-A0B8-459B-95BF-627826A0C984}.Debug|Any CPU.ActiveCfg = Debug|Any CPU
		{C029B70F-A0B8-459B-95BF-627826A0C984}.Debug|Any CPU.Build.0 = Debug|Any CPU
		{C029B70F-A0B8-459B-95BF-627826A0C984}.Release|Any CPU.ActiveCfg = Release|Any CPU
		{C029B70F-A0B8-459B-95BF-627826A0C984}.Release|Any CPU.Build.0 = Release|Any CPU
		{235894F0-E407-4FE3-9C46-52C8697121B3}.Debug|Any CPU.ActiveCfg = Debug|Any CPU
		{235894F0-E407-4FE3-9C46-52C8697121B3}.Debug|Any CPU.Build.0 = Debug|Any CPU
		{235894F0-E407-4FE3-9C46-52C8697121B3}.Release|Any CPU.ActiveCfg = Release|Any CPU
		{235894F0-E407-4FE3-9C46-52C8697121B3}.Release|Any CPU.Build.0 = Release|Any CPU
		{1C38A2BA-2449-4B5A-8B98-5729CDB9B10F}.Debug|Any CPU.ActiveCfg = Debug|Any CPU
		{1C38A2BA-2449-4B5A-8B98-5729CDB9B10F}.Debug|Any CPU.Build.0 = Debug|Any CPU
		{1C38A2BA-2449-4B5A-8B98-5729CDB9B10F}.Release|Any CPU.ActiveCfg = Release|Any CPU
		{1C38A2BA-2449-4B5A-8B98-5729CDB9B10F}.Release|Any CPU.Build.0 = Release|Any CPU
		{139B591E-4FDA-4E0F-83EF-CC217A776753}.Debug|Any CPU.ActiveCfg = Debug|Any CPU
		{139B591E-4FDA-4E0F-83EF-CC217A776753}.Debug|Any CPU.Build.0 = Debug|Any CPU
		{139B591E-4FDA-4E0F-83EF-CC217A776753}.Release|Any CPU.ActiveCfg = Release|Any CPU
		{139B591E-4FDA-4E0F-83EF-CC217A776753}.Release|Any CPU.Build.0 = Release|Any CPU
		{14E86247-86DA-4467-8F37-358B0F6AB6D7}.Debug|Any CPU.ActiveCfg = Debug|Any CPU
		{14E86247-86DA-4467-8F37-358B0F6AB6D7}.Debug|Any CPU.Build.0 = Debug|Any CPU
		{14E86247-86DA-4467-8F37-358B0F6AB6D7}.Release|Any CPU.ActiveCfg = Release|Any CPU
		{14E86247-86DA-4467-8F37-358B0F6AB6D7}.Release|Any CPU.Build.0 = Release|Any CPU
		{9570FF02-84B9-4D1E-B47B-B20BEAFE2EA1}.Debug|Any CPU.ActiveCfg = Debug|Any CPU
		{9570FF02-84B9-4D1E-B47B-B20BEAFE2EA1}.Debug|Any CPU.Build.0 = Debug|Any CPU
		{9570FF02-84B9-4D1E-B47B-B20BEAFE2EA1}.Release|Any CPU.ActiveCfg = Release|Any CPU
		{9570FF02-84B9-4D1E-B47B-B20BEAFE2EA1}.Release|Any CPU.Build.0 = Release|Any CPU
	EndGlobalSection
	GlobalSection(SolutionProperties) = preSolution
		HideSolutionNode = FALSE
	EndGlobalSection
	GlobalSection(NestedProjects) = preSolution
		{5F191972-30B4-4622-9F53-E426DE2FD0FC} = {7C47F7B8-B6E5-447D-BE52-7E1D8E9597B4}
		{3635F0D0-3BD7-4CA9-BC70-C15B945611DD} = {6A288725-4763-49ED-9479-D3AC654B1BA9}
		{C029B70F-A0B8-459B-95BF-627826A0C984} = {6A288725-4763-49ED-9479-D3AC654B1BA9}
		{16021A37-AA97-4B4E-9A0B-6F58B4F4B171} = {6A288725-4763-49ED-9479-D3AC654B1BA9}
		{235894F0-E407-4FE3-9C46-52C8697121B3} = {6A288725-4763-49ED-9479-D3AC654B1BA9}
		{1C38A2BA-2449-4B5A-8B98-5729CDB9B10F} = {4D53CDA0-7EA3-45E4-8D7C-1E4F4ACAEB02}
		{139B591E-4FDA-4E0F-83EF-CC217A776753} = {16021A37-AA97-4B4E-9A0B-6F58B4F4B171}
	EndGlobalSection
	GlobalSection(ExtensibilityGlobals) = postSolution
		SolutionGuid = {A218D416-CBC5-4D23-AE06-3CEEFE1F24FA}
	EndGlobalSection
EndGlobal
